{"_readme":["This file locks the dependencies of your project to a known state"],"content-hash":"9dad4f21336f2e2a13080009f82239025ab52ebe124f10233e59f82c7b504980","packages":[{"name":"acme/logger","version":"2.2.0","dist":{"type":"zip","shasum":"a9c14bfb351de1cb654226cdcba10b61fe8a228e9a74445ad3477239ba60bade"},"autoload":{"psr-4":{"Acme\\logger\\":"src/"}}},{"name":"acme/http-client","version":"1.1.2","dist":{"type":"zip","shasum":"30947b61f9e6219aea2c228fafd3e144d2de81c4bbcdd967c1d03100c1e52867"},"autoload":{"psr-4":{"Acme\\httpClient\\":"src/"}}}]}